
Microsoft Visual Studio Solution File, Format Version 12.00
# Visual Studio Version 16
VisualStudioVersion = 16.0.30621.155
MinimumVisualStudioVersion = 10.0.40219.1
Project("{FAE04EC0-301F-11D3-BF4B-00C04F79EFBC}") = "WPF", "WPF\WPF.csproj", "{5370A813-3E32-4233-BCF3-6364AFEF29BE}"
EndProject
Global
	GlobalSection(SolutionConfigurationPlatforms) = preSolution
		Debug|Any CPU = Debug|Any CPU
		Release|Any CPU = Release|Any CPU
	EndGlobalSection
	GlobalSection(ProjectConfigurationPlatforms) = postSolution
		{5370A813-3E32-4233-BCF3-6364AFEF29BE}.Debug|Any CPU.ActiveCfg = Debug|Any CPU
		{5370A813-3E32-4233-BCF3-6364AFEF29BE}.Debug|Any CPU.Build.0 = Debug|Any CPU
		{5370A813-3E32-4233-BCF3-6364AFEF29BE}.Release|Any CPU.ActiveCfg = Release|Any CPU
		{5370A813-3E32-4233-BCF3-6364AFEF29BE}.Release|Any CPU.Build.0 = Release|Any CPU
	EndGlobalSection
	GlobalSection(SolutionProperties) = preSolution
		HideSolutionNode = FALSE
	EndGlobalSection
	GlobalSection(ExtensibilityGlobals) = postSolution
		SolutionGuid = {AC67E0F1-64EB-4DD4-9D5B-E383E8C8DD7B}
	EndGlobalSection
EndGlobal
